{
  "name": "dn404",
  "version": "0.0.13",
  "lockfileVersion": 3,
  "requires": true,
  "packages": {
    "": {
      "name": "dn404",
      "version": "0.0.13",
      "license": "MIT",
      "dependencies": {
        "dn404": "^0.0.13"
      }
    },
    "node_modules/dn404": {
      "version": "0.0.13",
      "resolved": "https://registry.npmjs.org/dn404/-/dn404-0.0.13.tgz",
      "integrity": "sha512-d+i2fuYR2m1K4RRruP+P+x9BY8RMbTbLPEtN4YwVCxdFubzKq1GUlnEvrPDImaFNiW/g/3zXUoPFDEjgc51JcA=="
    }
  }
}
